
Microsoft Visual Studio Solution File, Format Version 12.00
# Visual Studio Version 17
VisualStudioVersion = 17.13.35825.156 d17.13
MinimumVisualStudioVersion = 10.0.40219.1
Project("{FAE04EC0-301F-11D3-BF4B-00C04F79EFBC}") = "Repository", "Repository\Repository.csproj", "{70FFB3BC-67CF-41A2-A3FC-D6F4CA5E7401}"
EndProject
Global
	GlobalSection(SolutionConfigurationPlatforms) = preSolution
		Debug|Any CPU = Debug|Any CPU
		Release|Any CPU = Release|Any CPU
	EndGlobalSection
	GlobalSection(ProjectConfigurationPlatforms) = postSolution
		{70FFB3BC-67CF-41A2-A3FC-D6F4CA5E7401}.Debug|Any CPU.ActiveCfg = Debug|Any CPU
		{70FFB3BC-67CF-41A2-A3FC-D6F4CA5E7401}.Debug|Any CPU.Build.0 = Debug|Any CPU
		{70FFB3BC-67CF-41A2-A3FC-D6F4CA5E7401}.Release|Any CPU.ActiveCfg = Release|Any CPU
		{70FFB3BC-67CF-41A2-A3FC-D6F4CA5E7401}.Release|Any CPU.Build.0 = Release|Any CPU
	EndGlobalSection
	GlobalSection(SolutionProperties) = preSolution
		HideSolutionNode = FALSE
	EndGlobalSection
	GlobalSection(ExtensibilityGlobals) = postSolution
		SolutionGuid = {F22E9DEA-236B-40BE-AA90-6349DE39D6E8}
	EndGlobalSection
EndGlobal
